
Microsoft Visual Studio Solution File, Format Version 12.00
# Visual Studio Version 16
VisualStudioVersion = 16.0.810.7
MinimumVisualStudioVersion = 10.0.40219.1
Project("{FAE04EC0-301F-11D3-BF4B-00C04F79EFBC}") = "Selenium", "Selenium\Selenium.csproj", "{407294C5-F816-4AD0-A67F-1A60B4AEA27B}"
EndProject
Global
	GlobalSection(SolutionConfigurationPlatforms) = preSolution
		Debug|Any CPU = Debug|Any CPU
		Release|Any CPU = Release|Any CPU
	EndGlobalSection
	GlobalSection(ProjectConfigurationPlatforms) = postSolution
		{407294C5-F816-4AD0-A67F-1A60B4AEA27B}.Debug|Any CPU.ActiveCfg = Debug|Any CPU
		{407294C5-F816-4AD0-A67F-1A60B4AEA27B}.Debug|Any CPU.Build.0 = Debug|Any CPU
		{407294C5-F816-4AD0-A67F-1A60B4AEA27B}.Release|Any CPU.ActiveCfg = Release|Any CPU
		{407294C5-F816-4AD0-A67F-1A60B4AEA27B}.Release|Any CPU.Build.0 = Release|Any CPU
	EndGlobalSection
	GlobalSection(SolutionProperties) = preSolution
		HideSolutionNode = FALSE
	EndGlobalSection
	GlobalSection(ExtensibilityGlobals) = postSolution
		SolutionGuid = {0B999335-BC09-4B19-8EC6-F58465B4F593}
	EndGlobalSection
EndGlobal
